
Microsoft Visual Studio Solution File, Format Version 12.00
# Visual Studio Version 17
VisualStudioVersion = 17.10.35013.160
MinimumVisualStudioVersion = 10.0.40219.1
Project("{FAE04EC0-301F-11D3-BF4B-00C04F79EFBC}") = "DemoApi", "DemoApi.csproj", "{138C4E7A-2C53-4D45-BEC9-ED3D446C549E}"
EndProject
Global
	GlobalSection(SolutionConfigurationPlatforms) = preSolution
		Debug|Any CPU = Debug|Any CPU
		Release|Any CPU = Release|Any CPU
	EndGlobalSection
	GlobalSection(ProjectConfigurationPlatforms) = postSolution
		{138C4E7A-2C53-4D45-BEC9-ED3D446C549E}.Debug|Any CPU.ActiveCfg = Debug|Any CPU
		{138C4E7A-2C53-4D45-BEC9-ED3D446C549E}.Debug|Any CPU.Build.0 = Debug|Any CPU
		{138C4E7A-2C53-4D45-BEC9-ED3D446C549E}.Release|Any CPU.ActiveCfg = Release|Any CPU
		{138C4E7A-2C53-4D45-BEC9-ED3D446C549E}.Release|Any CPU.Build.0 = Release|Any CPU
	EndGlobalSection
	GlobalSection(SolutionProperties) = preSolution
		HideSolutionNode = FALSE
	EndGlobalSection
	GlobalSection(ExtensibilityGlobals) = postSolution
		SolutionGuid = {30F0411C-7C95-427A-8E81-FF917BA01485}
	EndGlobalSection
EndGlobal
